// !$*UTF8*$!
{
	archiveVersion = 1;
	classes = {
	};
	objectVersion = 46;
	objects = {

/* Begin PBXBuildFile section */
		7E7CE0AA15CA2D01004657AE /* UIKit.framework in Frameworks */ = {isa = PBXBuildFile; fileRef = 7E7CE0A915CA2D01004657AE /* UIKit.framework */; };
		7E7CE0AC15CA2D01004657AE /* Foundation.framework in Frameworks */ = {isa = PBXBuildFile; fileRef = 7E7CE0AB15CA2D01004657AE /* Foundation.framework */; };
		7E7CE0AE15CA2D01004657AE /* CoreGraphics.framework in Frameworks */ = {isa = PBXBuildFile; fileRef = 7E7CE0AD15CA2D01004657AE /* CoreGraphics.framework */; };
		7E7CE0B415CA2D01004657AE /* InfoPlist.strings in Resources */ = {isa = PBXBuildFile; fileRef = 7E7CE0B215CA2D01004657AE /* InfoPlist.strings */; };
		7E7CE0B615CA2D01004657AE /* main.m in Sources */ = {isa = PBXBuildFile; fileRef = 7E7CE0B515CA2D01004657AE /* main.m */; };
		7E7CE0BA15CA2D01004657AE /* AppDelegate.m in Sources */ = {isa = PBXBuildFile; fileRef = 7E7CE0B915CA2D01004657AE /* AppDelegate.m */; };
/* End PBXBuildFile section */

/* Begin PBXFileReference section */
		7E7CE0A515CA2D01004657AE /* JTHeadedListTabBarController.app */ = {isa = PBXFileReference; explicitFileType = wrapper.application; includeInIndex = 0; path = JTHeadedListTabBarController.app; sourceTree = BUILT_PRODUCTS_DIR; };
		7E7CE0A915CA2D01004657AE /* UIKit.framework */ = {isa = PBXFileReference; lastKnownFileType = wrapper.framework; name = UIKit.framework; path = System/Library/Frameworks/UIKit.framework; sourceTree = SDKROOT; };
		7E7CE0AB15CA2D01004657AE /* Foundation.framework */ = {isa = PBXFileReference; lastKnownFileType = wrapper.framework; name = Foundation.framework; path = System/Library/Frameworks/Foundation.framework; sourceTree = SDKROOT; };
		7E7CE0AD15CA2D01004657AE /* CoreGraphics.framework */ = {isa = PBXFileReference; lastKnownFileType = wrapper.framework; name = CoreGraphics.framework; path = System/Library/Frameworks/CoreGraphics.framework; sourceTree = SDKROOT; };
		7E7CE0B115CA2D01004657AE /* JTHeadedListTabBarController-Info.plist */ = {isa = PBXFileReference; path = "JTHeadedListTabBarController-Info.plist"; sourceTree = "<group>"; };
		7E7CE0B315CA2D01004657AE /* en */ = {isa = PBXFileReference; lastKnownFileType = text.plist.strings; name = en; path = en.lproj/InfoPlist.strings; sourceTree = "<group>"; };
		7E7CE0B515CA2D01004657AE /* main.m */ = {isa = PBXFileReference; lastKnownFileType = sourcecode.c.objc; path = main.m; sourceTree = "<group>"; };
		7E7CE0B715CA2D01004657AE /* JTHeadedListTabBarController-Prefix.pch */ = {isa = PBXFileReference; path = "JTHeadedListTabBarController-Prefix.pch"; sourceTree = "<group>"; };
		7E7CE0B815CA2D01004657AE /* AppDelegate.h */ = {isa = PBXFileReference; path = AppDelegate.h; sourceTree = "<group>"; };
		7E7CE0B915CA2D01004657AE /* AppDelegate.m */ = {isa = PBXFileReference; lastKnownFileType = sourcecode.c.objc; path = AppDelegate.m; sourceTree = "<group>"; };
/* End PBXFileReference section */

/* Begin PBXFrameworksBuildPhase section */
		7E7CE0A215CA2D01004657AE /* Frameworks */ = {
			isa = PBXFrameworksBuildPhase;
			buildActionMask = 2147483647;
			files = (
				7E7CE0AA15CA2D01004657AE /* UIKit.framework in Frameworks */,
				7E7CE0AC15CA2D01004657AE /* Foundation.framework in Frameworks */,
				7E7CE0AE15CA2D01004657AE /* CoreGraphics.framework in Frameworks */,
			);
			runOnlyForDeploymentPostprocessing = 0;
		};
/* End PBXFrameworksBuildPhase section */

/* Begin PBXGroup section */
		7E7CE09A15CA2D01004657AE = {
			isa = PBXGroup;
			children = (
				7E7CE0AF15CA2D01004657AE /* JTHeadedListTabBarController */,
				7E7CE0A815CA2D01004657AE /* Frameworks */,
				7E7CE0A615CA2D01004657AE /* Products */,
			);
			sourceTree = "<group>";
		};
		7E7CE0A615CA2D01004657AE /* Products */ = {
			isa = PBXGroup;
			children = (
				7E7CE0A515CA2D01004657AE /* JTHeadedListTabBarController.app */,
			);
			name = Products;
			sourceTree = "<group>";
		};
		7E7CE0A815CA2D01004657AE /* Frameworks */ = {
			isa = PBXGroup;
			children = (
				7E7CE0A915CA2D01004657AE /* UIKit.framework */,
				7E7CE0AB15CA2D01004657AE /* Foundation.framework */,
				7E7CE0AD15CA2D01004657AE /* CoreGraphics.framework */,
			);
			name = Frameworks;
			sourceTree = "<group>";
		};
		7E7CE0AF15CA2D01004657AE /* JTHeadedListTabBarController */ = {
			isa = PBXGroup;
			children = (
				7E7CE0B815CA2D01004657AE /* AppDelegate.h */,
				7E7CE0B915CA2D01004657AE /* AppDelegate.m */,
				7E7CE0B015CA2D01004657AE /* Supporting Files */,
			);
			path = JTHeadedListTabBarController;
			sourceTree = "<group>";
		};
		7E7CE0B015CA2D01004657AE /* Supporting Files */ = {
			isa = PBXGroup;
			children = (
				7E7CE0B115CA2D01004657AE /* JTHeadedListTabBarController-Info.plist */,
				7E7CE0B215CA2D01004657AE /* InfoPlist.strings */,
				7E7CE0B515CA2D01004657AE /* main.m */,
				7E7CE0B715CA2D01004657AE /* JTHeadedListTabBarController-Prefix.pch */,
			);
			name = "Supporting Files";
			sourceTree = "<group>";
		};
/* End PBXGroup section */

/* Begin PBXNativeTarget section */
		7E7CE0A415CA2D01004657AE /* JTHeadedListTabBarController */ = {
			isa = PBXNativeTarget;
			buildConfigurationList = 7E7CE0BD15CA2D01004657AE /* Build configuration list for PBXNativeTarget "JTHeadedListTabBarController" */;
			buildPhases = (
				7E7CE0A115CA2D01004657AE /* Sources */,
				7E7CE0A215CA2D01004657AE /* Frameworks */,
				7E7CE0A315CA2D01004657AE /* Resources */,
			);
			buildRules = (
			);
			dependencies = (
			);
			name = JTHeadedListTabBarController;
			productName = JTHeadedListTabBarController;
			productReference = 7E7CE0A515CA2D01004657AE /* JTHeadedListTabBarController.app */;
			productType = "com.apple.product-type.application";
		};
/* End PBXNativeTarget section */

/* Begin PBXProject section */
		7E7CE09C15CA2D01004657AE /* Project object */ = {
			isa = PBXProject;
			attributes = {
				LastUpgradeCheck = 0430;
			};
			buildConfigurationList = 7E7CE09F15CA2D01004657AE /* Build configuration list for PBXProject "JTHeadedListTabBarController" */;
			compatibilityVersion = "Xcode 3.2";
			developmentRegion = English;
			hasScannedForEncodings = 0;
			knownRegions = (
				en,
			);
			mainGroup = 7E7CE09A15CA2D01004657AE;
			productRefGroup = 7E7CE0A615CA2D01004657AE /* Products */;
			projectDirPath = "";
			projectRoot = "";
			targets = (
				7E7CE0A415CA2D01004657AE /* JTHeadedListTabBarController */,
			);
		};
/* End PBXProject section */

/* Begin PBXResourcesBuildPhase section */
		7E7CE0A315CA2D01004657AE /* Resources */ = {
			isa = PBXResourcesBuildPhase;
			buildActionMask = 2147483647;
			files = (
				7E7CE0B415CA2D01004657AE /* InfoPlist.strings in Resources */,
			);
			runOnlyForDeploymentPostprocessing = 0;
		};
/* End PBXResourcesBuildPhase section */

/* Begin PBXSourcesBuildPhase section */
		7E7CE0A115CA2D01004657AE /* Sources */ = {
			isa = PBXSourcesBuildPhase;
			buildActionMask = 2147483647;
			files = (
				7E7CE0B615CA2D01004657AE /* main.m in Sources */,
				7E7CE0BA15CA2D01004657AE /* AppDelegate.m in Sources */,
			);
			runOnlyForDeploymentPostprocessing = 0;
		};
/* End PBXSourcesBuildPhase section */

/* Begin PBXVariantGroup section */
		7E7CE0B215CA2D01004657AE /* InfoPlist.strings */ = {
			isa = PBXVariantGroup;
			children = (
				7E7CE0B315CA2D01004657AE /* en */,
			);
			name = InfoPlist.strings;
			sourceTree = "<group>";
		};
/* End PBXVariantGroup section */

/* Begin XCBuildConfiguration section */
		7E7CE0BB15CA2D01004657AE /* Debug */ = {
			isa = XCBuildConfiguration;
			buildSettings = {
				ALWAYS_SEARCH_USER_PATHS = NO;
				ARCHS = "$(ARCHS_STANDARD_32_BIT)";
				"CODE_SIGN_IDENTITY[sdk=iphoneos*]" = "iPhone Developer";
				COPY_PHASE_STRIP = NO;
				GCC_C_LANGUAGE_STANDARD = gnu99;
				GCC_DYNAMIC_NO_PIC = NO;
				GCC_OPTIMIZATION_LEVEL = 0;
				GCC_PREPROCESSOR_DEFINITIONS = (
					"DEBUG=1",
					"$(inherited)",
				);
				GCC_SYMBOLS_PRIVATE_EXTERN = NO;
				GCC_VERSION = com.apple.compilers.llvm.clang.1_0;
				GCC_WARN_ABOUT_RETURN_TYPE = YES;
				GCC_WARN_UNINITIALIZED_AUTOS = YES;
				GCC_WARN_UNUSED_VARIABLE = YES;
				IPHONEOS_DEPLOYMENT_TARGET = 5.1;
				SDKROOT = iphoneos;
			};
			name = Debug;
		};
		7E7CE0BC15CA2D01004657AE /* Release */ = {
			isa = XCBuildConfiguration;
			buildSettings = {
				ALWAYS_SEARCH_USER_PATHS = NO;
				ARCHS = "$(ARCHS_STANDARD_32_BIT)";
				"CODE_SIGN_IDENTITY[sdk=iphoneos*]" = "iPhone Developer";
				COPY_PHASE_STRIP = YES;
				GCC_C_LANGUAGE_STANDARD = gnu99;
				GCC_VERSION = com.apple.compilers.llvm.clang.1_0;
				GCC_WARN_ABOUT_RETURN_TYPE = YES;
				GCC_WARN_UNINITIALIZED_AUTOS = YES;
				GCC_WARN_UNUSED_VARIABLE = YES;
				IPHONEOS_DEPLOYMENT_TARGET = 5.1;
				OTHER_CFLAGS = "-DNS_BLOCK_ASSERTIONS=1";
				SDKROOT = iphoneos;
				VALIDATE_PRODUCT = YES;
			};
			name = Release;
		};
		7E7CE0BE15CA2D01004657AE /* Debug */ = {
			isa = XCBuildConfiguration;
			buildSettings = {
				GCC_PRECOMPILE_PREFIX_HEADER = YES;
				GCC_PREFIX_HEADER = "JTHeadedListTabBarController/JTHeadedListTabBarController-Prefix.pch";
				INFOPLIST_FILE = "JTHeadedListTabBarController/JTHeadedListTabBarController-Info.plist";
				PRODUCT_NAME = "$(TARGET_NAME)";
				WRAPPER_EXTENSION = app;
			};
			name = Debug;
		};
		7E7CE0BF15CA2D01004657AE /* Release */ = {
			isa = XCBuildConfiguration;
			buildSettings = {
				GCC_PRECOMPILE_PREFIX_HEADER = YES;
				GCC_PREFIX_HEADER = "JTHeadedListTabBarController/JTHeadedListTabBarController-Prefix.pch";
				INFOPLIST_FILE = "JTHeadedListTabBarController/JTHeadedListTabBarController-Info.plist";
				PRODUCT_NAME = "$(TARGET_NAME)";
				WRAPPER_EXTENSION = app;
			};
			name = Release;
		};
/* End XCBuildConfiguration section */

/* Begin XCConfigurationList section */
		7E7CE09F15CA2D01004657AE /* Build configuration list for PBXProject "JTHeadedListTabBarController" */ = {
			isa = XCConfigurationList;
			buildConfigurations = (
				7E7CE0BB15CA2D01004657AE /* Debug */,
				7E7CE0BC15CA2D01004657AE /* Release */,
			);
			defaultConfigurationIsVisible = 0;
			defaultConfigurationName = Release;
		};
		7E7CE0BD15CA2D01004657AE /* Build configuration list for PBXNativeTarget "JTHeadedListTabBarController" */ = {
			isa = XCConfigurationList;
			buildConfigurations = (
				7E7CE0BE15CA2D01004657AE /* Debug */,
				7E7CE0BF15CA2D01004657AE /* Release */,
			);
			defaultConfigurationIsVisible = 0;
		};
/* End XCConfigurationList section */
	};
	rootObject = 7E7CE09C15CA2D01004657AE /* Project object */;
}
